
Microsoft Visual Studio Solution File, Format Version 12.00
# Visual Studio Version 17
VisualStudioVersion = 17.0.31903.59
MinimumVisualStudioVersion = 10.0.40219.1
Project("{FAE04EC0-301F-11D3-BF4B-00C04F79EFBC}") = "FluidWarfare.Core", "FluidWarfare.Core\FluidWarfare.Core.csproj", "{1D1F7998-E42D-4462-AD4E-F7CEDD994B6B}"
EndProject
Project("{FAE04EC0-301F-11D3-BF4B-00C04F79EFBC}") = "FluidWarfare.Tests", "FluidWarfare.Tests\FluidWarfare.Tests.csproj", "{A3DBE986-E145-45A0-9F9D-4A346B37189F}"
EndProject
Project("{FAE04EC0-301F-11D3-BF4B-00C04F79EFBC}") = "FluidWarfare.Editor.Windows", "FluidWarfare.Editor.Windows\FluidWarfare.Editor.Windows.csproj", "{F1E6E479-A32C-492A-AD70-0DD4945D1D02}"
EndProject
Project("{FAE04EC0-301F-11D3-BF4B-00C04F79EFBC}") = "FluidWarfare.Project", "FluidWarfare.Project\FluidWarfare.Project.csproj", "{6A3250B0-F85A-45F2-94DE-EAD736F2D0DD}"
EndProject
Project("{FAE04EC0-301F-11D3-BF4B-00C04F79EFBC}") = "FluidWarfare.Engine", "FluidWarfare.Engine\FluidWarfare.Engine.csproj", "{B4074288-F178-495C-BE78-5006EAB989C5}"
EndProject
Project("{FAE04EC0-301F-11D3-BF4B-00C04F79EFBC}") = "FluidWarfare.Bridge.ProjectEngine", "FluidWarfare.Bridge.ProjectEngine\FluidWarfare.Bridge.ProjectEngine.csproj", "{A5D73F33-95EB-414E-8CF5-41D7EC8AAF77}"
EndProject
Project("{FAE04EC0-301F-11D3-BF4B-00C04F79EFBC}") = "FluidWarfare.Render", "FluidWarfare.Render\FluidWarfare.Render.csproj", "{A40A92FB-5E34-4917-9FE5-2BC8CC173CED}"
EndProject
Project("{FAE04EC0-301F-11D3-BF4B-00C04F79EFBC}") = "FluidWarfare.Render.Vulkan", "FluidWarfare.Render.Vulkan\FluidWarfare.Render.Vulkan.csproj", "{4EE76D0B-B8AF-48DD-994E-289A6A698A89}"
EndProject
Global
	GlobalSection(SolutionConfigurationPlatforms) = preSolution
		Debug|Any CPU = Debug|Any CPU
		Debug|x64 = Debug|x64
		Debug|x86 = Debug|x86
		Release|Any CPU = Release|Any CPU
		Release|x64 = Release|x64
		Release|x86 = Release|x86
	EndGlobalSection
	GlobalSection(ProjectConfigurationPlatforms) = postSolution
		{1D1F7998-E42D-4462-AD4E-F7CEDD994B6B}.Debug|Any CPU.ActiveCfg = Debug|Any CPU
		{1D1F7998-E42D-4462-AD4E-F7CEDD994B6B}.Debug|Any CPU.Build.0 = Debug|Any CPU
		{1D1F7998-E42D-4462-AD4E-F7CEDD994B6B}.Debug|x64.ActiveCfg = Debug|Any CPU
		{1D1F7998-E42D-4462-AD4E-F7CEDD994B6B}.Debug|x64.Build.0 = Debug|Any CPU
		{1D1F7998-E42D-4462-AD4E-F7CEDD994B6B}.Debug|x86.ActiveCfg = Debug|Any CPU
		{1D1F7998-E42D-4462-AD4E-F7CEDD994B6B}.Debug|x86.Build.0 = Debug|Any CPU
		{1D1F7998-E42D-4462-AD4E-F7CEDD994B6B}.Release|Any CPU.ActiveCfg = Release|Any CPU
		{1D1F7998-E42D-4462-AD4E-F7CEDD994B6B}.Release|Any CPU.Build.0 = Release|Any CPU
		{1D1F7998-E42D-4462-AD4E-F7CEDD994B6B}.Release|x64.ActiveCfg = Release|Any CPU
		{1D1F7998-E42D-4462-AD4E-F7CEDD994B6B}.Release|x64.Build.0 = Release|Any CPU
		{1D1F7998-E42D-4462-AD4E-F7CEDD994B6B}.Release|x86.ActiveCfg = Release|Any CPU
		{1D1F7998-E42D-4462-AD4E-F7CEDD994B6B}.Release|x86.Build.0 = Release|Any CPU
		{A3DBE986-E145-45A0-9F9D-4A346B37189F}.Debug|Any CPU.ActiveCfg = Debug|Any CPU
		{A3DBE986-E145-45A0-9F9D-4A346B37189F}.Debug|Any CPU.Build.0 = Debug|Any CPU
		{A3DBE986-E145-45A0-9F9D-4A346B37189F}.Debug|x64.ActiveCfg = Debug|Any CPU
		{A3DBE986-E145-45A0-9F9D-4A346B37189F}.Debug|x64.Build.0 = Debug|Any CPU
		{A3DBE986-E145-45A0-9F9D-4A346B37189F}.Debug|x86.ActiveCfg = Debug|Any CPU
		{A3DBE986-E145-45A0-9F9D-4A346B37189F}.Debug|x86.Build.0 = Debug|Any CPU
		{A3DBE986-E145-45A0-9F9D-4A346B37189F}.Release|Any CPU.ActiveCfg = Release|Any CPU
		{A3DBE986-E145-45A0-9F9D-4A346B37189F}.Release|Any CPU.Build.0 = Release|Any CPU
		{A3DBE986-E145-45A0-9F9D-4A346B37189F}.Release|x64.ActiveCfg = Release|Any CPU
		{A3DBE986-E145-45A0-9F9D-4A346B37189F}.Release|x64.Build.0 = Release|Any CPU
		{A3DBE986-E145-45A0-9F9D-4A346B37189F}.Release|x86.ActiveCfg = Release|Any CPU
		{A3DBE986-E145-45A0-9F9D-4A346B37189F}.Release|x86.Build.0 = Release|Any CPU
		{F1E6E479-A32C-492A-AD70-0DD4945D1D02}.Debug|Any CPU.ActiveCfg = Debug|Any CPU
		{F1E6E479-A32C-492A-AD70-0DD4945D1D02}.Debug|Any CPU.Build.0 = Debug|Any CPU
		{F1E6E479-A32C-492A-AD70-0DD4945D1D02}.Debug|x64.ActiveCfg = Debug|Any CPU
		{F1E6E479-A32C-492A-AD70-0DD4945D1D02}.Debug|x64.Build.0 = Debug|Any CPU
		{F1E6E479-A32C-492A-AD70-0DD4945D1D02}.Debug|x86.ActiveCfg = Debug|Any CPU
		{F1E6E479-A32C-492A-AD70-0DD4945D1D02}.Debug|x86.Build.0 = Debug|Any CPU
		{F1E6E479-A32C-492A-AD70-0DD4945D1D02}.Release|Any CPU.ActiveCfg = Release|Any CPU
		{F1E6E479-A32C-492A-AD70-0DD4945D1D02}.Release|Any CPU.Build.0 = Release|Any CPU
		{F1E6E479-A32C-492A-AD70-0DD4945D1D02}.Release|x64.ActiveCfg = Release|Any CPU
		{F1E6E479-A32C-492A-AD70-0DD4945D1D02}.Release|x64.Build.0 = Release|Any CPU
		{F1E6E479-A32C-492A-AD70-0DD4945D1D02}.Release|x86.ActiveCfg = Release|Any CPU
		{F1E6E479-A32C-492A-AD70-0DD4945D1D02}.Release|x86.Build.0 = Release|Any CPU
		{6A3250B0-F85A-45F2-94DE-EAD736F2D0DD}.Debug|Any CPU.ActiveCfg = Debug|Any CPU
		{6A3250B0-F85A-45F2-94DE-EAD736F2D0DD}.Debug|Any CPU.Build.0 = Debug|Any CPU
		{6A3250B0-F85A-45F2-94DE-EAD736F2D0DD}.Debug|x64.ActiveCfg = Debug|Any CPU
		{6A3250B0-F85A-45F2-94DE-EAD736F2D0DD}.Debug|x64.Build.0 = Debug|Any CPU
		{6A3250B0-F85A-45F2-94DE-EAD736F2D0DD}.Debug|x86.ActiveCfg = Debug|Any CPU
		{6A3250B0-F85A-45F2-94DE-EAD736F2D0DD}.Debug|x86.Build.0 = Debug|Any CPU
		{6A3250B0-F85A-45F2-94DE-EAD736F2D0DD}.Release|Any CPU.ActiveCfg = Release|Any CPU
		{6A3250B0-F85A-45F2-94DE-EAD736F2D0DD}.Release|Any CPU.Build.0 = Release|Any CPU
		{6A3250B0-F85A-45F2-94DE-EAD736F2D0DD}.Release|x64.ActiveCfg = Release|Any CPU
		{6A3250B0-F85A-45F2-94DE-EAD736F2D0DD}.Release|x64.Build.0 = Release|Any CPU
		{6A3250B0-F85A-45F2-94DE-EAD736F2D0DD}.Release|x86.ActiveCfg = Release|Any CPU
		{6A3250B0-F85A-45F2-94DE-EAD736F2D0DD}.Release|x86.Build.0 = Release|Any CPU
		{B4074288-F178-495C-BE78-5006EAB989C5}.Debug|Any CPU.ActiveCfg = Debug|Any CPU
		{B4074288-F178-495C-BE78-5006EAB989C5}.Debug|Any CPU.Build.0 = Debug|Any CPU
		{B4074288-F178-495C-BE78-5006EAB989C5}.Debug|x64.ActiveCfg = Debug|Any CPU
		{B4074288-F178-495C-BE78-5006EAB989C5}.Debug|x64.Build.0 = Debug|Any CPU
		{B4074288-F178-495C-BE78-5006EAB989C5}.Debug|x86.ActiveCfg = Debug|Any CPU
		{B4074288-F178-495C-BE78-5006EAB989C5}.Debug|x86.Build.0 = Debug|Any CPU
		{B4074288-F178-495C-BE78-5006EAB989C5}.Release|Any CPU.ActiveCfg = Release|Any CPU
		{B4074288-F178-495C-BE78-5006EAB989C5}.Release|Any CPU.Build.0 = Release|Any CPU
		{B4074288-F178-495C-BE78-5006EAB989C5}.Release|x64.ActiveCfg = Release|Any CPU
		{B4074288-F178-495C-BE78-5006EAB989C5}.Release|x64.Build.0 = Release|Any CPU
		{B4074288-F178-495C-BE78-5006EAB989C5}.Release|x86.ActiveCfg = Release|Any CPU
		{B4074288-F178-495C-BE78-5006EAB989C5}.Release|x86.Build.0 = Release|Any CPU
		{A5D73F33-95EB-414E-8CF5-41D7EC8AAF77}.Debug|Any CPU.ActiveCfg = Debug|Any CPU
		{A5D73F33-95EB-414E-8CF5-41D7EC8AAF77}.Debug|Any CPU.Build.0 = Debug|Any CPU
		{A5D73F33-95EB-414E-8CF5-41D7EC8AAF77}.Debug|x64.ActiveCfg = Debug|Any CPU
		{A5D73F33-95EB-414E-8CF5-41D7EC8AAF77}.Debug|x64.Build.0 = Debug|Any CPU
		{A5D73F33-95EB-414E-8CF5-41D7EC8AAF77}.Debug|x86.ActiveCfg = Debug|Any CPU
		{A5D73F33-95EB-414E-8CF5-41D7EC8AAF77}.Debug|x86.Build.0 = Debug|Any CPU
		{A5D73F33-95EB-414E-8CF5-41D7EC8AAF77}.Release|Any CPU.ActiveCfg = Release|Any CPU
		{A5D73F33-95EB-414E-8CF5-41D7EC8AAF77}.Release|Any CPU.Build.0 = Release|Any CPU
		{A5D73F33-95EB-414E-8CF5-41D7EC8AAF77}.Release|x64.ActiveCfg = Release|Any CPU
		{A5D73F33-95EB-414E-8CF5-41D7EC8AAF77}.Release|x64.Build.0 = Release|Any CPU
		{A5D73F33-95EB-414E-8CF5-41D7EC8AAF77}.Release|x86.ActiveCfg = Release|Any CPU
		{A5D73F33-95EB-414E-8CF5-41D7EC8AAF77}.Release|x86.Build.0 = Release|Any CPU
		{A40A92FB-5E34-4917-9FE5-2BC8CC173CED}.Debug|Any CPU.ActiveCfg = Debug|Any CPU
		{A40A92FB-5E34-4917-9FE5-2BC8CC173CED}.Debug|Any CPU.Build.0 = Debug|Any CPU
		{A40A92FB-5E34-4917-9FE5-2BC8CC173CED}.Debug|x64.ActiveCfg = Debug|Any CPU
		{A40A92FB-5E34-4917-9FE5-2BC8CC173CED}.Debug|x64.Build.0 = Debug|Any CPU
		{A40A92FB-5E34-4917-9FE5-2BC8CC173CED}.Debug|x86.ActiveCfg = Debug|Any CPU
		{A40A92FB-5E34-4917-9FE5-2BC8CC173CED}.Debug|x86.Build.0 = Debug|Any CPU
		{A40A92FB-5E34-4917-9FE5-2BC8CC173CED}.Release|Any CPU.ActiveCfg = Release|Any CPU
		{A40A92FB-5E34-4917-9FE5-2BC8CC173CED}.Release|Any CPU.Build.0 = Release|Any CPU
		{A40A92FB-5E34-4917-9FE5-2BC8CC173CED}.Release|x64.ActiveCfg = Release|Any CPU
		{A40A92FB-5E34-4917-9FE5-2BC8CC173CED}.Release|x64.Build.0 = Release|Any CPU
		{A40A92FB-5E34-4917-9FE5-2BC8CC173CED}.Release|x86.ActiveCfg = Release|Any CPU
		{A40A92FB-5E34-4917-9FE5-2BC8CC173CED}.Release|x86.Build.0 = Release|Any CPU
		{4EE76D0B-B8AF-48DD-994E-289A6A698A89}.Debug|Any CPU.ActiveCfg = Debug|Any CPU
		{4EE76D0B-B8AF-48DD-994E-289A6A698A89}.Debug|Any CPU.Build.0 = Debug|Any CPU
		{4EE76D0B-B8AF-48DD-994E-289A6A698A89}.Debug|x64.ActiveCfg = Debug|Any CPU
		{4EE76D0B-B8AF-48DD-994E-289A6A698A89}.Debug|x64.Build.0 = Debug|Any CPU
		{4EE76D0B-B8AF-48DD-994E-289A6A698A89}.Debug|x86.ActiveCfg = Debug|Any CPU
		{4EE76D0B-B8AF-48DD-994E-289A6A698A89}.Debug|x86.Build.0 = Debug|Any CPU
		{4EE76D0B-B8AF-48DD-994E-289A6A698A89}.Release|Any CPU.ActiveCfg = Release|Any CPU
		{4EE76D0B-B8AF-48DD-994E-289A6A698A89}.Release|Any CPU.Build.0 = Release|Any CPU
		{4EE76D0B-B8AF-48DD-994E-289A6A698A89}.Release|x64.ActiveCfg = Release|Any CPU
		{4EE76D0B-B8AF-48DD-994E-289A6A698A89}.Release|x64.Build.0 = Release|Any CPU
		{4EE76D0B-B8AF-48DD-994E-289A6A698A89}.Release|x86.ActiveCfg = Release|Any CPU
		{4EE76D0B-B8AF-48DD-994E-289A6A698A89}.Release|x86.Build.0 = Release|Any CPU
	EndGlobalSection
	GlobalSection(SolutionProperties) = preSolution
		HideSolutionNode = FALSE
	EndGlobalSection
EndGlobal
